// !$*UTF8*$!
{
	archiveVersion = 1;
	classes = {
	};
	objectVersion = 56;
	objects = {

/* Begin PBXBuildFile section */
		5CE1768B2CD37C3D00D50DDE /* AppDelegate.swift in Sources */ = {isa = PBXBuildFile; fileRef = 5CE1768A2CD37C3D00D50DDE /* AppDelegate.swift */; };
		5CE1768D2CD37C3D00D50DDE /* SceneDelegate.swift in Sources */ = {isa = PBXBuildFile; fileRef = 5CE1768C2CD37C3D00D50DDE /* SceneDelegate.swift */; };
		5CE1768F2CD37C3D00D50DDE /* VideoViewController.swift in Sources */ = {isa = PBXBuildFile; fileRef = 5CE1768E2CD37C3D00D50DDE /* VideoViewController.swift */; };
		5CE176922CD37C3D00D50DDE /* Base in Resources */ = {isa = PBXBuildFile; fileRef = 5CE176912CD37C3D00D50DDE /* Base */; };
		5CE176942CD37C3F00D50DDE /* Assets.xcassets in Resources */ = {isa = PBXBuildFile; fileRef = 5CE176932CD37C3F00D50DDE /* Assets.xcassets */; };
		5CE176972CD37C3F00D50DDE /* Base in Resources */ = {isa = PBXBuildFile; fileRef = 5CE176962CD37C3F00D50DDE /* Base */; };
		5CE176AB2CD761ED00D50DDE /* Observable.swift in Sources */ = {isa = PBXBuildFile; fileRef = 5CE176AA2CD761ED00D50DDE /* Observable.swift */; };
		5CE176AD2CD7620F00D50DDE /* VideoListViewModel.swift in Sources */ = {isa = PBXBuildFile; fileRef = 5CE176AC2CD7620F00D50DDE /* VideoListViewModel.swift */; };
		5CE176AF2CD762E200D50DDE /* VideoTableViewCell.swift in Sources */ = {isa = PBXBuildFile; fileRef = 5CE176AE2CD762E200D50DDE /* VideoTableViewCell.swift */; };
		5CE176B12CD7632900D50DDE /* Video.swift in Sources */ = {isa = PBXBuildFile; fileRef = 5CE176B02CD7632900D50DDE /* Video.swift */; };
		5CE176B32CD7635B00D50DDE /* NetworkError.swift in Sources */ = {isa = PBXBuildFile; fileRef = 5CE176B22CD7635B00D50DDE /* NetworkError.swift */; };
		5CE176B52CD7638500D50DDE /* NetworkManager.swift in Sources */ = {isa = PBXBuildFile; fileRef = 5CE176B42CD7638500D50DDE /* NetworkManager.swift */; };
		5CE176B72CD763AD00D50DDE /* FavoriteVideo.swift in Sources */ = {isa = PBXBuildFile; fileRef = 5CE176B62CD763AD00D50DDE /* FavoriteVideo.swift */; };
		5CE176B92CD763E000D50DDE /* LocalFavoriteManager.swift in Sources */ = {isa = PBXBuildFile; fileRef = 5CE176B82CD763E000D50DDE /* LocalFavoriteManager.swift */; };
		5CE176BC2CD7640200D50DDE /* FavoriteManagerProvider.swift in Sources */ = {isa = PBXBuildFile; fileRef = 5CE176BB2CD7640200D50DDE /* FavoriteManagerProvider.swift */; };
		5CE176BE2CD7643300D50DDE /* FavoriteManager.swift in Sources */ = {isa = PBXBuildFile; fileRef = 5CE176BD2CD7643300D50DDE /* FavoriteManager.swift */; };
		5CE176CB2CD933C600D50DDE /* FavoriteVideosViewController.swift in Sources */ = {isa = PBXBuildFile; fileRef = 5CE176CA2CD933C600D50DDE /* FavoriteVideosViewController.swift */; };
		5CE176CD2CD933F000D50DDE /* FavoriteVideoCell.swift in Sources */ = {isa = PBXBuildFile; fileRef = 5CE176CC2CD933F000D50DDE /* FavoriteVideoCell.swift */; };
		5CE176CF2CD9D4EC00D50DDE /* FavoriteVideosViewModel.swift in Sources */ = {isa = PBXBuildFile; fileRef = 5CE176CE2CD9D4EC00D50DDE /* FavoriteVideosViewModel.swift */; };
		5CE176D12CD9D78A00D50DDE /* FavoriteError.swift in Sources */ = {isa = PBXBuildFile; fileRef = 5CE176D02CD9D78A00D50DDE /* FavoriteError.swift */; };
/* End PBXBuildFile section */

/* Begin PBXFileReference section */
		5CE176872CD37C3D00D50DDE /* RestfulApiDemoMVVM.app */ = {isa = PBXFileReference; explicitFileType = wrapper.application; includeInIndex = 0; path = RestfulApiDemoMVVM.app; sourceTree = BUILT_PRODUCTS_DIR; };
		5CE1768A2CD37C3D00D50DDE /* AppDelegate.swift */ = {isa = PBXFileReference; lastKnownFileType = sourcecode.swift; path = AppDelegate.swift; sourceTree = "<group>"; };
		5CE1768C2CD37C3D00D50DDE /* SceneDelegate.swift */ = {isa = PBXFileReference; lastKnownFileType = sourcecode.swift; path = SceneDelegate.swift; sourceTree = "<group>"; };
		5CE1768E2CD37C3D00D50DDE /* VideoViewController.swift */ = {isa = PBXFileReference; lastKnownFileType = sourcecode.swift; path = VideoViewController.swift; sourceTree = "<group>"; };
		5CE176912CD37C3D00D50DDE /* Base */ = {isa = PBXFileReference; lastKnownFileType = file.storyboard; name = Base; path = Base.lproj/Main.storyboard; sourceTree = "<group>"; };
		5CE176932CD37C3F00D50DDE /* Assets.xcassets */ = {isa = PBXFileReference; lastKnownFileType = folder.assetcatalog; path = Assets.xcassets; sourceTree = "<group>"; };
		5CE176962CD37C3F00D50DDE /* Base */ = {isa = PBXFileReference; lastKnownFileType = file.storyboard; name = Base; path = Base.lproj/LaunchScreen.storyboard; sourceTree = "<group>"; };
		5CE176982CD37C3F00D50DDE /* Info.plist */ = {isa = PBXFileReference; lastKnownFileType = text.plist.xml; path = Info.plist; sourceTree = "<group>"; };
		5CE176AA2CD761ED00D50DDE /* Observable.swift */ = {isa = PBXFileReference; lastKnownFileType = sourcecode.swift; path = Observable.swift; sourceTree = "<group>"; };
		5CE176AC2CD7620F00D50DDE /* VideoListViewModel.swift */ = {isa = PBXFileReference; lastKnownFileType = sourcecode.swift; path = VideoListViewModel.swift; sourceTree = "<group>"; };
		5CE176AE2CD762E200D50DDE /* VideoTableViewCell.swift */ = {isa = PBXFileReference; lastKnownFileType = sourcecode.swift; path = VideoTableViewCell.swift; sourceTree = "<group>"; };
		5CE176B02CD7632900D50DDE /* Video.swift */ = {isa = PBXFileReference; lastKnownFileType = sourcecode.swift; path = Video.swift; sourceTree = "<group>"; };
		5CE176B22CD7635B00D50DDE /* NetworkError.swift */ = {isa = PBXFileReference; lastKnownFileType = sourcecode.swift; path = NetworkError.swift; sourceTree = "<group>"; };
		5CE176B42CD7638500D50DDE /* NetworkManager.swift */ = {isa = PBXFileReference; lastKnownFileType = sourcecode.swift; path = NetworkManager.swift; sourceTree = "<group>"; };
		5CE176B62CD763AD00D50DDE /* FavoriteVideo.swift */ = {isa = PBXFileReference; lastKnownFileType = sourcecode.swift; path = FavoriteVideo.swift; sourceTree = "<group>"; };
		5CE176B82CD763E000D50DDE /* LocalFavoriteManager.swift */ = {isa = PBXFileReference; lastKnownFileType = sourcecode.swift; path = LocalFavoriteManager.swift; sourceTree = "<group>"; };
		5CE176BB2CD7640200D50DDE /* FavoriteManagerProvider.swift */ = {isa = PBXFileReference; lastKnownFileType = sourcecode.swift; path = FavoriteManagerProvider.swift; sourceTree = "<group>"; };
		5CE176BD2CD7643300D50DDE /* FavoriteManager.swift */ = {isa = PBXFileReference; lastKnownFileType = sourcecode.swift; path = FavoriteManager.swift; sourceTree = "<group>"; };
		5CE176CA2CD933C600D50DDE /* FavoriteVideosViewController.swift */ = {isa = PBXFileReference; lastKnownFileType = sourcecode.swift; path = FavoriteVideosViewController.swift; sourceTree = "<group>"; };
		5CE176CC2CD933F000D50DDE /* FavoriteVideoCell.swift */ = {isa = PBXFileReference; lastKnownFileType = sourcecode.swift; path = FavoriteVideoCell.swift; sourceTree = "<group>"; };
		5CE176CE2CD9D4EC00D50DDE /* FavoriteVideosViewModel.swift */ = {isa = PBXFileReference; lastKnownFileType = sourcecode.swift; path = FavoriteVideosViewModel.swift; sourceTree = "<group>"; };
		5CE176D02CD9D78A00D50DDE /* FavoriteError.swift */ = {isa = PBXFileReference; lastKnownFileType = sourcecode.swift; path = FavoriteError.swift; sourceTree = "<group>"; };
/* End PBXFileReference section */

/* Begin PBXFrameworksBuildPhase section */
		5CE176842CD37C3D00D50DDE /* Frameworks */ = {
			isa = PBXFrameworksBuildPhase;
			buildActionMask = 2147483647;
			files = (
			);
			runOnlyForDeploymentPostprocessing = 0;
		};
/* End PBXFrameworksBuildPhase section */

/* Begin PBXGroup section */
		5CE1767E2CD37C3D00D50DDE = {
			isa = PBXGroup;
			children = (
				5CE176892CD37C3D00D50DDE /* RestfulApiDemoMVVM */,
				5CE176882CD37C3D00D50DDE /* Products */,
			);
			sourceTree = "<group>";
		};
		5CE176882CD37C3D00D50DDE /* Products */ = {
			isa = PBXGroup;
			children = (
				5CE176872CD37C3D00D50DDE /* RestfulApiDemoMVVM.app */,
			);
			name = Products;
			sourceTree = "<group>";
		};
		5CE176892CD37C3D00D50DDE /* RestfulApiDemoMVVM */ = {
			isa = PBXGroup;
			children = (
				5CE1768A2CD37C3D00D50DDE /* AppDelegate.swift */,
				5CE1768C2CD37C3D00D50DDE /* SceneDelegate.swift */,
				5CE176C92CD7699500D50DDE /* Utilities&Services&Managers */,
				5CE176C62CD768E200D50DDE /* Model */,
				5CE176C72CD7690100D50DDE /* View */,
				5CE176C82CD7691900D50DDE /* ViewModel */,
				5CE176902CD37C3D00D50DDE /* Main.storyboard */,
				5CE176932CD37C3F00D50DDE /* Assets.xcassets */,
				5CE176952CD37C3F00D50DDE /* LaunchScreen.storyboard */,
				5CE176982CD37C3F00D50DDE /* Info.plist */,
			);
			path = RestfulApiDemoMVVM;
			sourceTree = "<group>";
		};
		5CE176C62CD768E200D50DDE /* Model */ = {
			isa = PBXGroup;
			children = (
				5CE176B02CD7632900D50DDE /* Video.swift */,
				5CE176B62CD763AD00D50DDE /* FavoriteVideo.swift */,
				5CE176B22CD7635B00D50DDE /* NetworkError.swift */,
				5CE176D02CD9D78A00D50DDE /* FavoriteError.swift */,
			);
			path = Model;
			sourceTree = "<group>";
		};
		5CE176C72CD7690100D50DDE /* View */ = {
			isa = PBXGroup;
			children = (
				5CE1768E2CD37C3D00D50DDE /* VideoViewController.swift */,
				5CE176CA2CD933C600D50DDE /* FavoriteVideosViewController.swift */,
				5CE176AE2CD762E200D50DDE /* VideoTableViewCell.swift */,
				5CE176CC2CD933F000D50DDE /* FavoriteVideoCell.swift */,
			);
			path = View;
			sourceTree = "<group>";
		};
		5CE176C82CD7691900D50DDE /* ViewModel */ = {
			isa = PBXGroup;
			children = (
				5CE176AC2CD7620F00D50DDE /* VideoListViewModel.swift */,
				5CE176CE2CD9D4EC00D50DDE /* FavoriteVideosViewModel.swift */,
			);
			path = ViewModel;
			sourceTree = "<group>";
		};
		5CE176C92CD7699500D50DDE /* Utilities&Services&Managers */ = {
			isa = PBXGroup;
			children = (
				5CE176AA2CD761ED00D50DDE /* Observable.swift */,
				5CE176B42CD7638500D50DDE /* NetworkManager.swift */,
				5CE176BD2CD7643300D50DDE /* FavoriteManager.swift */,
				5CE176B82CD763E000D50DDE /* LocalFavoriteManager.swift */,
				5CE176BB2CD7640200D50DDE /* FavoriteManagerProvider.swift */,
			);
			path = "Utilities&Services&Managers";
			sourceTree = "<group>";
		};
/* End PBXGroup section */

/* Begin PBXNativeTarget section */
		5CE176862CD37C3D00D50DDE /* RestfulApiDemoMVVM */ = {
			isa = PBXNativeTarget;
			buildConfigurationList = 5CE1769B2CD37C3F00D50DDE /* Build configuration list for PBXNativeTarget "RestfulApiDemoMVVM" */;
			buildPhases = (
				5CE176832CD37C3D00D50DDE /* Sources */,
				5CE176842CD37C3D00D50DDE /* Frameworks */,
				5CE176852CD37C3D00D50DDE /* Resources */,
			);
			buildRules = (
			);
			dependencies = (
			);
			name = RestfulApiDemoMVVM;
			productName = RestfulApiDemoMVVM;
			productReference = 5CE176872CD37C3D00D50DDE /* RestfulApiDemoMVVM.app */;
			productType = "com.apple.product-type.application";
		};
/* End PBXNativeTarget section */

/* Begin PBXProject section */
		5CE1767F2CD37C3D00D50DDE /* Project object */ = {
			isa = PBXProject;
			attributes = {
				BuildIndependentTargetsInParallel = 1;
				LastSwiftUpdateCheck = 1540;
				LastUpgradeCheck = 1540;
				TargetAttributes = {
					5CE176862CD37C3D00D50DDE = {
						CreatedOnToolsVersion = 15.4;
					};
				};
			};
			buildConfigurationList = 5CE176822CD37C3D00D50DDE /* Build configuration list for PBXProject "RestfulApiDemoMVVM" */;
			compatibilityVersion = "Xcode 14.0";
			developmentRegion = en;
			hasScannedForEncodings = 0;
			knownRegions = (
				en,
				Base,
			);
			mainGroup = 5CE1767E2CD37C3D00D50DDE;
			productRefGroup = 5CE176882CD37C3D00D50DDE /* Products */;
			projectDirPath = "";
			projectRoot = "";
			targets = (
				5CE176862CD37C3D00D50DDE /* RestfulApiDemoMVVM */,
			);
		};
/* End PBXProject section */

/* Begin PBXResourcesBuildPhase section */
		5CE176852CD37C3D00D50DDE /* Resources */ = {
			isa = PBXResourcesBuildPhase;
			buildActionMask = 2147483647;
			files = (
				5CE176942CD37C3F00D50DDE /* Assets.xcassets in Resources */,
				5CE176972CD37C3F00D50DDE /* Base in Resources */,
				5CE176922CD37C3D00D50DDE /* Base in Resources */,
			);
			runOnlyForDeploymentPostprocessing = 0;
		};
/* End PBXResourcesBuildPhase section */

/* Begin PBXSourcesBuildPhase section */
		5CE176832CD37C3D00D50DDE /* Sources */ = {
			isa = PBXSourcesBuildPhase;
			buildActionMask = 2147483647;
			files = (
				5CE176B52CD7638500D50DDE /* NetworkManager.swift in Sources */,
				5CE176B92CD763E000D50DDE /* LocalFavoriteManager.swift in Sources */,
				5CE176CD2CD933F000D50DDE /* FavoriteVideoCell.swift in Sources */,
				5CE176BC2CD7640200D50DDE /* FavoriteManagerProvider.swift in Sources */,
				5CE176AB2CD761ED00D50DDE /* Observable.swift in Sources */,
				5CE176B32CD7635B00D50DDE /* NetworkError.swift in Sources */,
				5CE176D12CD9D78A00D50DDE /* FavoriteError.swift in Sources */,
				5CE1768F2CD37C3D00D50DDE /* VideoViewController.swift in Sources */,
				5CE176CB2CD933C600D50DDE /* FavoriteVideosViewController.swift in Sources */,
				5CE1768B2CD37C3D00D50DDE /* AppDelegate.swift in Sources */,
				5CE176AD2CD7620F00D50DDE /* VideoListViewModel.swift in Sources */,
				5CE1768D2CD37C3D00D50DDE /* SceneDelegate.swift in Sources */,
				5CE176B72CD763AD00D50DDE /* FavoriteVideo.swift in Sources */,
				5CE176BE2CD7643300D50DDE /* FavoriteManager.swift in Sources */,
				5CE176B12CD7632900D50DDE /* Video.swift in Sources */,
				5CE176CF2CD9D4EC00D50DDE /* FavoriteVideosViewModel.swift in Sources */,
				5CE176AF2CD762E200D50DDE /* VideoTableViewCell.swift in Sources */,
			);
			runOnlyForDeploymentPostprocessing = 0;
		};
/* End PBXSourcesBuildPhase section */

/* Begin PBXVariantGroup section */
		5CE176902CD37C3D00D50DDE /* Main.storyboard */ = {
			isa = PBXVariantGroup;
			children = (
				5CE176912CD37C3D00D50DDE /* Base */,
			);
			name = Main.storyboard;
			sourceTree = "<group>";
		};
		5CE176952CD37C3F00D50DDE /* LaunchScreen.storyboard */ = {
			isa = PBXVariantGroup;
			children = (
				5CE176962CD37C3F00D50DDE /* Base */,
			);
			name = LaunchScreen.storyboard;
			sourceTree = "<group>";
		};
/* End PBXVariantGroup section */

/* Begin XCBuildConfiguration section */
		5CE176992CD37C3F00D50DDE /* Debug */ = {
			isa = XCBuildConfiguration;
			buildSettings = {
				ALWAYS_SEARCH_USER_PATHS = NO;
				ASSETCATALOG_COMPILER_GENERATE_SWIFT_ASSET_SYMBOL_EXTENSIONS = YES;
				CLANG_ANALYZER_NONNULL = YES;
				CLANG_ANALYZER_NUMBER_OBJECT_CONVERSION = YES_AGGRESSIVE;
				CLANG_CXX_LANGUAGE_STANDARD = "gnu++20";
				CLANG_ENABLE_MODULES = YES;
				CLANG_ENABLE_OBJC_ARC = YES;
				CLANG_ENABLE_OBJC_WEAK = YES;
				CLANG_WARN_BLOCK_CAPTURE_AUTORELEASING = YES;
				CLANG_WARN_BOOL_CONVERSION = YES;
				CLANG_WARN_COMMA = YES;
				CLANG_WARN_CONSTANT_CONVERSION = YES;
				CLANG_WARN_DEPRECATED_OBJC_IMPLEMENTATIONS = YES;
				CLANG_WARN_DIRECT_OBJC_ISA_USAGE = YES_ERROR;
				CLANG_WARN_DOCUMENTATION_COMMENTS = YES;
				CLANG_WARN_EMPTY_BODY = YES;
				CLANG_WARN_ENUM_CONVERSION = YES;
				CLANG_WARN_INFINITE_RECURSION = YES;
				CLANG_WARN_INT_CONVERSION = YES;
				CLANG_WARN_NON_LITERAL_NULL_CONVERSION = YES;
				CLANG_WARN_OBJC_IMPLICIT_RETAIN_SELF = YES;
				CLANG_WARN_OBJC_LITERAL_CONVERSION = YES;
				CLANG_WARN_OBJC_ROOT_CLASS = YES_ERROR;
				CLANG_WARN_QUOTED_INCLUDE_IN_FRAMEWORK_HEADER = YES;
				CLANG_WARN_RANGE_LOOP_ANALYSIS = YES;
				CLANG_WARN_STRICT_PROTOTYPES = YES;
				CLANG_WARN_SUSPICIOUS_MOVE = YES;
				CLANG_WARN_UNGUARDED_AVAILABILITY = YES_AGGRESSIVE;
				CLANG_WARN_UNREACHABLE_CODE = YES;
				CLANG_WARN__DUPLICATE_METHOD_MATCH = YES;
				COPY_PHASE_STRIP = NO;
				DEBUG_INFORMATION_FORMAT = dwarf;
				ENABLE_STRICT_OBJC_MSGSEND = YES;
				ENABLE_TESTABILITY = YES;
				ENABLE_USER_SCRIPT_SANDBOXING = YES;
				GCC_C_LANGUAGE_STANDARD = gnu17;
				GCC_DYNAMIC_NO_PIC = NO;
				GCC_NO_COMMON_BLOCKS = YES;
				GCC_OPTIMIZATION_LEVEL = 0;
				GCC_PREPROCESSOR_DEFINITIONS = (
					"DEBUG=1",
					"$(inherited)",
				);
				GCC_WARN_64_TO_32_BIT_CONVERSION = YES;
				GCC_WARN_ABOUT_RETURN_TYPE = YES_ERROR;
				GCC_WARN_UNDECLARED_SELECTOR = YES;
				GCC_WARN_UNINITIALIZED_AUTOS = YES_AGGRESSIVE;
				GCC_WARN_UNUSED_FUNCTION = YES;
				GCC_WARN_UNUSED_VARIABLE = YES;
				IPHONEOS_DEPLOYMENT_TARGET = 17.5;
				LOCALIZATION_PREFERS_STRING_CATALOGS = YES;
				MTL_ENABLE_DEBUG_INFO = INCLUDE_SOURCE;
				MTL_FAST_MATH = YES;
				ONLY_ACTIVE_ARCH = YES;
				SDKROOT = iphoneos;
				SWIFT_ACTIVE_COMPILATION_CONDITIONS = "DEBUG $(inherited)";
				SWIFT_OPTIMIZATION_LEVEL = "-Onone";
			};
			name = Debug;
		};
		5CE1769A2CD37C3F00D50DDE /* Release */ = {
			isa = XCBuildConfiguration;
			buildSettings = {
				ALWAYS_SEARCH_USER_PATHS = NO;
				ASSETCATALOG_COMPILER_GENERATE_SWIFT_ASSET_SYMBOL_EXTENSIONS = YES;
				CLANG_ANALYZER_NONNULL = YES;
				CLANG_ANALYZER_NUMBER_OBJECT_CONVERSION = YES_AGGRESSIVE;
				CLANG_CXX_LANGUAGE_STANDARD = "gnu++20";
				CLANG_ENABLE_MODULES = YES;
				CLANG_ENABLE_OBJC_ARC = YES;
				CLANG_ENABLE_OBJC_WEAK = YES;
				CLANG_WARN_BLOCK_CAPTURE_AUTORELEASING = YES;
				CLANG_WARN_BOOL_CONVERSION = YES;
				CLANG_WARN_COMMA = YES;
				CLANG_WARN_CONSTANT_CONVERSION = YES;
				CLANG_WARN_DEPRECATED_OBJC_IMPLEMENTATIONS = YES;
				CLANG_WARN_DIRECT_OBJC_ISA_USAGE = YES_ERROR;
				CLANG_WARN_DOCUMENTATION_COMMENTS = YES;
				CLANG_WARN_EMPTY_BODY = YES;
				CLANG_WARN_ENUM_CONVERSION = YES;
				CLANG_WARN_INFINITE_RECURSION = YES;
				CLANG_WARN_INT_CONVERSION = YES;
				CLANG_WARN_NON_LITERAL_NULL_CONVERSION = YES;
				CLANG_WARN_OBJC_IMPLICIT_RETAIN_SELF = YES;
				CLANG_WARN_OBJC_LITERAL_CONVERSION = YES;
				CLANG_WARN_OBJC_ROOT_CLASS = YES_ERROR;
				CLANG_WARN_QUOTED_INCLUDE_IN_FRAMEWORK_HEADER = YES;
				CLANG_WARN_RANGE_LOOP_ANALYSIS = YES;
				CLANG_WARN_STRICT_PROTOTYPES = YES;
				CLANG_WARN_SUSPICIOUS_MOVE = YES;
				CLANG_WARN_UNGUARDED_AVAILABILITY = YES_AGGRESSIVE;
				CLANG_WARN_UNREACHABLE_CODE = YES;
				CLANG_WARN__DUPLICATE_METHOD_MATCH = YES;
				COPY_PHASE_STRIP = NO;
				DEBUG_INFORMATION_FORMAT = "dwarf-with-dsym";
				ENABLE_NS_ASSERTIONS = NO;
				ENABLE_STRICT_OBJC_MSGSEND = YES;
				ENABLE_USER_SCRIPT_SANDBOXING = YES;
				GCC_C_LANGUAGE_STANDARD = gnu17;
				GCC_NO_COMMON_BLOCKS = YES;
				GCC_WARN_64_TO_32_BIT_CONVERSION = YES;
				GCC_WARN_ABOUT_RETURN_TYPE = YES_ERROR;
				GCC_WARN_UNDECLARED_SELECTOR = YES;
				GCC_WARN_UNINITIALIZED_AUTOS = YES_AGGRESSIVE;
				GCC_WARN_UNUSED_FUNCTION = YES;
				GCC_WARN_UNUSED_VARIABLE = YES;
				IPHONEOS_DEPLOYMENT_TARGET = 17.5;
				LOCALIZATION_PREFERS_STRING_CATALOGS = YES;
				MTL_ENABLE_DEBUG_INFO = NO;
				MTL_FAST_MATH = YES;
				SDKROOT = iphoneos;
				SWIFT_COMPILATION_MODE = wholemodule;
				VALIDATE_PRODUCT = YES;
			};
			name = Release;
		};
		5CE1769C2CD37C3F00D50DDE /* Debug */ = {
			isa = XCBuildConfiguration;
			buildSettings = {
				ASSETCATALOG_COMPILER_APPICON_NAME = AppIcon;
				ASSETCATALOG_COMPILER_GLOBAL_ACCENT_COLOR_NAME = AccentColor;
				CODE_SIGN_STYLE = Automatic;
				CURRENT_PROJECT_VERSION = 1;
				DEVELOPMENT_TEAM = M2MF9LH58A;
				GENERATE_INFOPLIST_FILE = YES;
				INFOPLIST_FILE = RestfulApiDemoMVVM/Info.plist;
				INFOPLIST_KEY_UIApplicationSupportsIndirectInputEvents = YES;
				INFOPLIST_KEY_UILaunchStoryboardName = LaunchScreen;
				INFOPLIST_KEY_UIMainStoryboardFile = Main;
				INFOPLIST_KEY_UISupportedInterfaceOrientations_iPad = "UIInterfaceOrientationPortrait UIInterfaceOrientationPortraitUpsideDown UIInterfaceOrientationLandscapeLeft UIInterfaceOrientationLandscapeRight";
				INFOPLIST_KEY_UISupportedInterfaceOrientations_iPhone = "UIInterfaceOrientationPortrait UIInterfaceOrientationLandscapeLeft UIInterfaceOrientationLandscapeRight";
				LD_RUNPATH_SEARCH_PATHS = (
					"$(inherited)",
					"@executable_path/Frameworks",
				);
				MARKETING_VERSION = 1.0;
				PRODUCT_BUNDLE_IDENTIFIER = com.Lydia.RestfulApiDemoMVVM;
				PRODUCT_NAME = "$(TARGET_NAME)";
				SWIFT_EMIT_LOC_STRINGS = YES;
				SWIFT_VERSION = 5.0;
				TARGETED_DEVICE_FAMILY = "1,2";
			};
			name = Debug;
		};
		5CE1769D2CD37C3F00D50DDE /* Release */ = {
			isa = XCBuildConfiguration;
			buildSettings = {
				ASSETCATALOG_COMPILER_APPICON_NAME = AppIcon;
				ASSETCATALOG_COMPILER_GLOBAL_ACCENT_COLOR_NAME = AccentColor;
				CODE_SIGN_STYLE = Automatic;
				CURRENT_PROJECT_VERSION = 1;
				DEVELOPMENT_TEAM = M2MF9LH58A;
				GENERATE_INFOPLIST_FILE = YES;
				INFOPLIST_FILE = RestfulApiDemoMVVM/Info.plist;
				INFOPLIST_KEY_UIApplicationSupportsIndirectInputEvents = YES;
				INFOPLIST_KEY_UILaunchStoryboardName = LaunchScreen;
				INFOPLIST_KEY_UIMainStoryboardFile = Main;
				INFOPLIST_KEY_UISupportedInterfaceOrientations_iPad = "UIInterfaceOrientationPortrait UIInterfaceOrientationPortraitUpsideDown UIInterfaceOrientationLandscapeLeft UIInterfaceOrientationLandscapeRight";
				INFOPLIST_KEY_UISupportedInterfaceOrientations_iPhone = "UIInterfaceOrientationPortrait UIInterfaceOrientationLandscapeLeft UIInterfaceOrientationLandscapeRight";
				LD_RUNPATH_SEARCH_PATHS = (
					"$(inherited)",
					"@executable_path/Frameworks",
				);
				MARKETING_VERSION = 1.0;
				PRODUCT_BUNDLE_IDENTIFIER = com.Lydia.RestfulApiDemoMVVM;
				PRODUCT_NAME = "$(TARGET_NAME)";
				SWIFT_EMIT_LOC_STRINGS = YES;
				SWIFT_VERSION = 5.0;
				TARGETED_DEVICE_FAMILY = "1,2";
			};
			name = Release;
		};
/* End XCBuildConfiguration section */

/* Begin XCConfigurationList section */
		5CE176822CD37C3D00D50DDE /* Build configuration list for PBXProject "RestfulApiDemoMVVM" */ = {
			isa = XCConfigurationList;
			buildConfigurations = (
				5CE176992CD37C3F00D50DDE /* Debug */,
				5CE1769A2CD37C3F00D50DDE /* Release */,
			);
			defaultConfigurationIsVisible = 0;
			defaultConfigurationName = Release;
		};
		5CE1769B2CD37C3F00D50DDE /* Build configuration list for PBXNativeTarget "RestfulApiDemoMVVM" */ = {
			isa = XCConfigurationList;
			buildConfigurations = (
				5CE1769C2CD37C3F00D50DDE /* Debug */,
				5CE1769D2CD37C3F00D50DDE /* Release */,
			);
			defaultConfigurationIsVisible = 0;
			defaultConfigurationName = Release;
		};
/* End XCConfigurationList section */
	};
	rootObject = 5CE1767F2CD37C3D00D50DDE /* Project object */;
}
